# THIS IS AN AUTOGENERATED FILE. DO NOT EDIT THIS FILE DIRECTLY.
# yarn lockfile v1


"@lit-labs/ssr-dom-shim@^1.0.0", "@lit-labs/ssr-dom-shim@^1.1.0":
  version "1.1.1"
  resolved "https://registry.yarnpkg.com/@lit-labs/ssr-dom-shim/-/ssr-dom-shim-1.1.1.tgz#64df34e2f12e68e78ac57e571d25ec07fa460ca9"
  integrity sha512-kXOeFbfCm4fFf2A3WwVEeQj55tMZa8c8/f9AKHMobQMkzNUfUj+antR3fRPaZJawsa1aZiP/Da3ndpZrwEe4rQ==

"@lit/reactive-element@^1.3.0", "@lit/reactive-element@^1.6.0":
  version "1.6.1"
  resolved "https://registry.yarnpkg.com/@lit/reactive-element/-/reactive-element-1.6.1.tgz#0d958b6d479d0e3db5fc1132ecc4fa84be3f0b93"
  integrity sha512-va15kYZr7KZNNPZdxONGQzpUr+4sxVu7V/VG7a8mRfPPXUyhEYj5RzXCQmGrlP3tAh0L3HHm5AjBMFYRqlM9SA==
  dependencies:
    "@lit-labs/ssr-dom-shim" "^1.0.0"

"@types/trusted-types@^2.0.2":
  version "2.0.3"
  resolved "https://registry.yarnpkg.com/@types/trusted-types/-/trusted-types-2.0.3.tgz#a136f83b0758698df454e328759dbd3d44555311"
  integrity sha512-NfQ4gyz38SL8sDNrSixxU2Os1a5xcdFxipAFxYEuLUlvU2uDwS4NUpsImcf1//SlWItCVMMLiylsxbmNMToV/g==

"gsap@npm:@gsap/business":
  version "3.11.5"
  resolved "https://npm.greensock.com/@gsap%2fbusiness/-/business-3.11.5.tgz#52b4536f72e9d262da2b7ade6fbde6875e12c17a"
  integrity sha512-4eYfbB7c+s9N+ImkqU5ZoaNEkDm9SEZb6NfHYsvGr5hM4bIN/8wKObbpl+/pNRRPl0XopxRNz4E6hc4a0j76ZA==

lit-element@^3.3.0:
  version "3.3.2"
  resolved "https://registry.yarnpkg.com/lit-element/-/lit-element-3.3.2.tgz#9913bf220b85065f0e5f1bb8878cc44f36b50cfa"
  integrity sha512-xXAeVWKGr4/njq0rGC9dethMnYCq5hpKYrgQZYTzawt9YQhMiXfD+T1RgrdY3NamOxwq2aXlb0vOI6e29CKgVQ==
  dependencies:
    "@lit-labs/ssr-dom-shim" "^1.1.0"
    "@lit/reactive-element" "^1.3.0"
    lit-html "^2.7.0"

lit-html@^2.7.0:
  version "2.7.3"
  resolved "https://registry.yarnpkg.com/lit-html/-/lit-html-2.7.3.tgz#903bfa61f9d3296a0ec94128695e452beb9b1a3a"
  integrity sha512-9DyLzcn/kbRGowz2vFmSANFbRZTxYUgYYFqzie89w6GLpPUiBCDHfcdeRUV/k3Q2ueYxNjfv46yPCtKAEAPOVw==
  dependencies:
    "@types/trusted-types" "^2.0.2"

lit@^2.2.7:
  version "2.7.3"
  resolved "https://registry.yarnpkg.com/lit/-/lit-2.7.3.tgz#7f7920dbaba12828d359ca3439cd6f73619061da"
  integrity sha512-0a+u+vVbmgSfPu+fyvqjMPBX0Kwbyj9QOv9MbQFZhWGlV2cyk3lEwgfUQgYN+i/lx++1Z3wZknSIp3QCKxHLyg==
  dependencies:
    "@lit/reactive-element" "^1.6.0"
    lit-element "^3.3.0"
    lit-html "^2.7.0"

typescript@^5.0.4:
  version "5.0.4"
  resolved "https://registry.yarnpkg.com/typescript/-/typescript-5.0.4.tgz#b217fd20119bd61a94d4011274e0ab369058da3b"
  integrity sha512-cW9T5W9xY37cc+jfEnaUvX91foxtHkza3Nw3wkoF4sSlKn0MONdkdEndig/qPBWXNkmplh3NzayQzCiHM4/hqw==
